
Microsoft Visual Studio Solution File, Format Version 12.00
# Visual Studio Version 16
VisualStudioVersion = 16.0.31019.35
MinimumVisualStudioVersion = 10.0.40219.1
Project("{FAE04EC0-301F-11D3-BF4B-00C04F79EFBC}") = "xf.demo01.Android", "xf.demo01.Android\xf.demo01.Android.csproj", "{EE4AB413-BC4A-432C-8A96-BC2ABAD95CA7}"
EndProject
Project("{FAE04EC0-301F-11D3-BF4B-00C04F79EFBC}") = "xf.demo01.iOS", "xf.demo01.iOS\xf.demo01.iOS.csproj", "{5744AD73-C9A2-4325-8F3A-8C14D311F1D8}"
EndProject
Project("{FAE04EC0-301F-11D3-BF4B-00C04F79EFBC}") = "xf.demo01", "xf.demo01\xf.demo01.csproj", "{3BDD1ADC-8516-484F-9B3E-F2381179053A}"
EndProject
Global
	GlobalSection(SolutionConfigurationPlatforms) = preSolution
		Debug|Any CPU = Debug|Any CPU
		Debug|iPhone = Debug|iPhone
		Debug|iPhoneSimulator = Debug|iPhoneSimulator
		Release|Any CPU = Release|Any CPU
		Release|iPhone = Release|iPhone
		Release|iPhoneSimulator = Release|iPhoneSimulator
	EndGlobalSection
	GlobalSection(ProjectConfigurationPlatforms) = postSolution
		{EE4AB413-BC4A-432C-8A96-BC2ABAD95CA7}.Debug|Any CPU.ActiveCfg = Debug|Any CPU
		{EE4AB413-BC4A-432C-8A96-BC2ABAD95CA7}.Debug|Any CPU.Build.0 = Debug|Any CPU
		{EE4AB413-BC4A-432C-8A96-BC2ABAD95CA7}.Debug|Any CPU.Deploy.0 = Debug|Any CPU
		{EE4AB413-BC4A-432C-8A96-BC2ABAD95CA7}.Debug|iPhone.ActiveCfg = Debug|Any CPU
		{EE4AB413-BC4A-432C-8A96-BC2ABAD95CA7}.Debug|iPhone.Build.0 = Debug|Any CPU
		{EE4AB413-BC4A-432C-8A96-BC2ABAD95CA7}.Debug|iPhone.Deploy.0 = Debug|Any CPU
		{EE4AB413-BC4A-432C-8A96-BC2ABAD95CA7}.Debug|iPhoneSimulator.ActiveCfg = Debug|Any CPU
		{EE4AB413-BC4A-432C-8A96-BC2ABAD95CA7}.Debug|iPhoneSimulator.Build.0 = Debug|Any CPU
		{EE4AB413-BC4A-432C-8A96-BC2ABAD95CA7}.Debug|iPhoneSimulator.Deploy.0 = Debug|Any CPU
		{EE4AB413-BC4A-432C-8A96-BC2ABAD95CA7}.Release|Any CPU.ActiveCfg = Release|Any CPU
		{EE4AB413-BC4A-432C-8A96-BC2ABAD95CA7}.Release|Any CPU.Build.0 = Release|Any CPU
		{EE4AB413-BC4A-432C-8A96-BC2ABAD95CA7}.Release|Any CPU.Deploy.0 = Release|Any CPU
		{EE4AB413-BC4A-432C-8A96-BC2ABAD95CA7}.Release|iPhone.ActiveCfg = Release|Any CPU
		{EE4AB413-BC4A-432C-8A96-BC2ABAD95CA7}.Release|iPhone.Build.0 = Release|Any CPU
		{EE4AB413-BC4A-432C-8A96-BC2ABAD95CA7}.Release|iPhone.Deploy.0 = Release|Any CPU
		{EE4AB413-BC4A-432C-8A96-BC2ABAD95CA7}.Release|iPhoneSimulator.ActiveCfg = Release|Any CPU
		{EE4AB413-BC4A-432C-8A96-BC2ABAD95CA7}.Release|iPhoneSimulator.Build.0 = Release|Any CPU
		{EE4AB413-BC4A-432C-8A96-BC2ABAD95CA7}.Release|iPhoneSimulator.Deploy.0 = Release|Any CPU
		{5744AD73-C9A2-4325-8F3A-8C14D311F1D8}.Debug|Any CPU.ActiveCfg = Debug|iPhone
		{5744AD73-C9A2-4325-8F3A-8C14D311F1D8}.Debug|Any CPU.Build.0 = Debug|iPhone
		{5744AD73-C9A2-4325-8F3A-8C14D311F1D8}.Debug|Any CPU.Deploy.0 = Debug|iPhone
		{5744AD73-C9A2-4325-8F3A-8C14D311F1D8}.Debug|iPhone.ActiveCfg = Debug|iPhone
		{5744AD73-C9A2-4325-8F3A-8C14D311F1D8}.Debug|iPhone.Build.0 = Debug|iPhone
		{5744AD73-C9A2-4325-8F3A-8C14D311F1D8}.Debug|iPhone.Deploy.0 = Debug|iPhone
		{5744AD73-C9A2-4325-8F3A-8C14D311F1D8}.Debug|iPhoneSimulator.ActiveCfg = Debug|iPhoneSimulator
		{5744AD73-C9A2-4325-8F3A-8C14D311F1D8}.Debug|iPhoneSimulator.Build.0 = Debug|iPhoneSimulator
		{5744AD73-C9A2-4325-8F3A-8C14D311F1D8}.Debug|iPhoneSimulator.Deploy.0 = Debug|iPhoneSimulator
		{5744AD73-C9A2-4325-8F3A-8C14D311F1D8}.Release|Any CPU.ActiveCfg = Release|iPhoneSimulator
		{5744AD73-C9A2-4325-8F3A-8C14D311F1D8}.Release|Any CPU.Build.0 = Release|iPhoneSimulator
		{5744AD73-C9A2-4325-8F3A-8C14D311F1D8}.Release|Any CPU.Deploy.0 = Release|iPhoneSimulator
		{5744AD73-C9A2-4325-8F3A-8C14D311F1D8}.Release|iPhone.ActiveCfg = Release|iPhone
		{5744AD73-C9A2-4325-8F3A-8C14D311F1D8}.Release|iPhone.Build.0 = Release|iPhone
		{5744AD73-C9A2-4325-8F3A-8C14D311F1D8}.Release|iPhone.Deploy.0 = Release|iPhone
		{5744AD73-C9A2-4325-8F3A-8C14D311F1D8}.Release|iPhoneSimulator.ActiveCfg = Release|iPhoneSimulator
		{5744AD73-C9A2-4325-8F3A-8C14D311F1D8}.Release|iPhoneSimulator.Build.0 = Release|iPhoneSimulator
		{5744AD73-C9A2-4325-8F3A-8C14D311F1D8}.Release|iPhoneSimulator.Deploy.0 = Release|iPhoneSimulator
		{3BDD1ADC-8516-484F-9B3E-F2381179053A}.Debug|Any CPU.ActiveCfg = Debug|Any CPU
		{3BDD1ADC-8516-484F-9B3E-F2381179053A}.Debug|Any CPU.Build.0 = Debug|Any CPU
		{3BDD1ADC-8516-484F-9B3E-F2381179053A}.Debug|Any CPU.Deploy.0 = Debug|Any CPU
		{3BDD1ADC-8516-484F-9B3E-F2381179053A}.Debug|iPhone.ActiveCfg = Debug|Any CPU
		{3BDD1ADC-8516-484F-9B3E-F2381179053A}.Debug|iPhone.Build.0 = Debug|Any CPU
		{3BDD1ADC-8516-484F-9B3E-F2381179053A}.Debug|iPhone.Deploy.0 = Debug|Any CPU
		{3BDD1ADC-8516-484F-9B3E-F2381179053A}.Debug|iPhoneSimulator.ActiveCfg = Debug|Any CPU
		{3BDD1ADC-8516-484F-9B3E-F2381179053A}.Debug|iPhoneSimulator.Build.0 = Debug|Any CPU
		{3BDD1ADC-8516-484F-9B3E-F2381179053A}.Debug|iPhoneSimulator.Deploy.0 = Debug|Any CPU
		{3BDD1ADC-8516-484F-9B3E-F2381179053A}.Release|Any CPU.ActiveCfg = Release|Any CPU
		{3BDD1ADC-8516-484F-9B3E-F2381179053A}.Release|Any CPU.Build.0 = Release|Any CPU
		{3BDD1ADC-8516-484F-9B3E-F2381179053A}.Release|Any CPU.Deploy.0 = Release|Any CPU
		{3BDD1ADC-8516-484F-9B3E-F2381179053A}.Release|iPhone.ActiveCfg = Release|Any CPU
		{3BDD1ADC-8516-484F-9B3E-F2381179053A}.Release|iPhone.Build.0 = Release|Any CPU
		{3BDD1ADC-8516-484F-9B3E-F2381179053A}.Release|iPhone.Deploy.0 = Release|Any CPU
		{3BDD1ADC-8516-484F-9B3E-F2381179053A}.Release|iPhoneSimulator.ActiveCfg = Release|Any CPU
		{3BDD1ADC-8516-484F-9B3E-F2381179053A}.Release|iPhoneSimulator.Build.0 = Release|Any CPU
		{3BDD1ADC-8516-484F-9B3E-F2381179053A}.Release|iPhoneSimulator.Deploy.0 = Release|Any CPU
	EndGlobalSection
	GlobalSection(SolutionProperties) = preSolution
		HideSolutionNode = FALSE
	EndGlobalSection
	GlobalSection(ExtensibilityGlobals) = postSolution
		SolutionGuid = {FD72E127-B15F-4270-B639-04C0598CE415}
	EndGlobalSection
EndGlobal
